<?xml version="1.0" encoding="utf-8"?>
<Project ToolsVersion="4.0" xmlns="http://schemas.microsoft.com/developer/msbuild/2003">
  <ItemGroup>
    <Filter Include="Source Files">
      <UniqueIdentifier>{4FC737F1-C7A5-4376-A066-2A32D752A2FF}</UniqueIdentifier>
      <Extensions>cpp;c;cc;cxx;def;odl;idl;hpj;bat;asm;asmx;h;hh;hpp;hxx;hm;inl;inc;xsd</Extensions>
    </Filter>
    <Filter Include="Resource Files">
      <UniqueIdentifier>{67DA6AB6-F800-4c08-8B7A-83BB121AAD01}</UniqueIdentifier>
      <Extensions>rc;ico;cur;bmp;dlg;rc2;rct;bin;rgs;gif;jpg;jpeg;jpe;resx;tiff;tif;png;wav;mfcribbon-ms</Extensions>
    </Filter>
  </ItemGroup>
  <ItemGroup>
    <ClCompile Include="Precompiled.cpp">
      <Filter>Source Files</Filter>
    </ClCompile>
    <ClCompile Include="Signal.cpp">
      <Filter>Source Files</Filter>
    </ClCompile>
    <ClCompile Include="common\Assert.cpp">
      <Filter>Source Files</Filter>
    </ClCompile>
    <ClCompile Include="common\Debugging.cpp">
      <Filter>Source Files</Filter>
    </ClCompile>
    <ClCompile Include="common\Log.cpp">
      <Filter>Source Files</Filter>
    </ClCompile>
    <ClCompile Include="common\WindowsUtils.cpp">
      <Filter>Source Files</Filter>
    </ClCompile>
    <ClCompile Include="time\GlobalTimer.cpp">
      <Filter>Source Files</Filter>
    </ClCompile>
    <ClCompile Include="time\Time.cpp">
      <Filter>Source Files</Filter>
    </ClCompile>
    <ClCompile Include="time\TimeSpan.cpp">
      <Filter>Source Files</Filter>
    </ClCompile>
    <ClCompile Include="time\SteadyTimer.cpp">
      <Filter>Source Files</Filter>
    </ClCompile>
  </ItemGroup>
  <ItemGroup>
    <ClInclude Include="Precompiled.h">
      <Filter>Source Files</Filter>
    </ClInclude>
    <ClInclude Include="Noncopyable.h">
      <Filter>Source Files</Filter>
    </ClInclude>
    <ClInclude Include="Pointers.h">
      <Filter>Source Files</Filter>
    </ClInclude>
    <ClInclude Include="ScopedPointer.h">
      <Filter>Source Files</Filter>
    </ClInclude>
    <ClInclude Include="SharedPointer.h">
      <Filter>Source Files</Filter>
    </ClInclude>
    <ClInclude Include="Signal.h">
      <Filter>Source Files</Filter>
    </ClInclude>
    <ClInclude Include="UniquePointer.h">
      <Filter>Source Files</Filter>
    </ClInclude>
    <ClInclude Include="common\Assert.h">
      <Filter>Source Files</Filter>
    </ClInclude>
    <ClInclude Include="common\Common.h">
      <Filter>Source Files</Filter>
    </ClInclude>
    <ClInclude Include="common\Debugging.h">
      <Filter>Source Files</Filter>
    </ClInclude>
    <ClInclude Include="common\FourCC.h">
      <Filter>Source Files</Filter>
    </ClInclude>
    <ClInclude Include="common\IncludeSFML.h">
      <Filter>Source Files</Filter>
    </ClInclude>
    <ClInclude Include="common\IncludeWindows.h">
      <Filter>Source Files</Filter>
    </ClInclude>
    <ClInclude Include="common\Log.h">
      <Filter>Source Files</Filter>
    </ClInclude>
    <ClInclude Include="common\Package.h">
      <Filter>Source Files</Filter>
    </ClInclude>
    <ClInclude Include="common\WindowsUtils.h">
      <Filter>Source Files</Filter>
    </ClInclude>
    <ClInclude Include="GlobalConfig.h">
      <Filter>Source Files</Filter>
    </ClInclude>
    <ClInclude Include="time\GlobalTimer.h">
      <Filter>Source Files</Filter>
    </ClInclude>
    <ClInclude Include="time\Time.h">
      <Filter>Source Files</Filter>
    </ClInclude>
    <ClInclude Include="time\TimeSpan.h">
      <Filter>Source Files</Filter>
    </ClInclude>
    <ClInclude Include="time\SteadyTimer.h">
      <Filter>Source Files</Filter>
    </ClInclude>
  </ItemGroup>
  <ItemGroup>
    <None Include="UniquePointer.inl">
      <Filter>Source Files</Filter>
    </None>
    <None Include="ScopedPointer.inl">
      <Filter>Source Files</Filter>
    </None>
    <None Include="SharedPointer.inl">
      <Filter>Source Files</Filter>
    </None>
    <None Include="platform\Windows.props" />
  </ItemGroup>
  <ItemGroup>
    <Natvis Include="lang.natvis" />
  </ItemGroup>
</Project>