<?xml version="1.0" encoding="utf-8"?>
<Project ToolsVersion="4.0" xmlns="http://schemas.microsoft.com/developer/msbuild/2003">
  <ItemGroup>
    <Filter Include="Source Files">
      <UniqueIdentifier>{4FC737F1-C7A5-4376-A066-2A32D752A2FF}</UniqueIdentifier>
      <Extensions>cpp;c;cc;cxx;def;odl;idl;hpj;bat;asm;asmx;h;hh;hpp;hxx;hm;inl;inc;xsd</Extensions>
    </Filter>
    <Filter Include="Source Files\gameplay">
      <UniqueIdentifier>{7d045c52-4f7e-4239-975f-430061115762}</UniqueIdentifier>
    </Filter>
    <Filter Include="Source Files\system">
      <UniqueIdentifier>{18b8ba16-e657-4894-960f-76d93c366a1a}</UniqueIdentifier>
    </Filter>
    <Filter Include="Source Files\scenes">
      <UniqueIdentifier>{f69e77a2-e3e2-4438-a7e8-1e0c9e1e0875}</UniqueIdentifier>
    </Filter>
    <Filter Include="Source Files\common">
      <UniqueIdentifier>{f47fe1fe-c77d-462e-858a-82103e5eb534}</UniqueIdentifier>
    </Filter>
  </ItemGroup>
  <ItemGroup>
    <ClCompile Include="main.cpp">
      <Filter>Source Files</Filter>
    </ClCompile>
    <ClCompile Include="Precompiled.cpp">
      <Filter>Source Files</Filter>
    </ClCompile>
    <ClCompile Include="Application.cpp">
      <Filter>Source Files</Filter>
    </ClCompile>
    <ClCompile Include="scenes\ImageViewerScene.cpp">
      <Filter>Source Files\scenes</Filter>
    </ClCompile>
    <ClCompile Include="util\NaturalSort.cpp">
      <Filter>Source Files</Filter>
    </ClCompile>
    <ClCompile Include="viewer\FileScanner.cpp">
      <Filter>Source Files</Filter>
    </ClCompile>
  </ItemGroup>
  <ItemGroup>
    <ClInclude Include="Precompiled.h">
      <Filter>Source Files</Filter>
    </ClInclude>
    <ClInclude Include="Application.h">
      <Filter>source Files</Filter>
    </ClInclude>
    <ClInclude Include="scenes\ImageViewerScene.h">
      <Filter>Source Files\scenes</Filter>
    </ClInclude>
    <ClInclude Include="util\NaturalSort.h">
      <Filter>Source Files</Filter>
    </ClInclude>
    <ClInclude Include="viewer\FileScanner.h">
      <Filter>Source Files</Filter>
    </ClInclude>
    <ClInclude Include="AppConfig.h">
      <Filter>Source Files</Filter>
    </ClInclude>
  </ItemGroup>
</Project>