<?xml version="1.0" encoding="utf-8"?>
<Project ToolsVersion="4.0" xmlns="http://schemas.microsoft.com/developer/msbuild/2003">
  <ItemGroup>
    <Filter Include="Source Files">
      <UniqueIdentifier>{4FC737F1-C7A5-4376-A066-2A32D752A2FF}</UniqueIdentifier>
      <Extensions>cpp;c;cc;cxx;def;odl;idl;hpj;bat;asm;asmx;h;hh;hpp;hxx;hm;inl;inc;xsd</Extensions>
    </Filter>
    <Filter Include="Resource Files">
      <UniqueIdentifier>{67DA6AB6-F800-4c08-8B7A-83BB121AAD01}</UniqueIdentifier>
      <Extensions>rc;ico;cur;bmp;dlg;rc2;rct;bin;rgs;gif;jpg;jpeg;jpe;resx;tiff;tif;png;wav;mfcribbon-ms</Extensions>
    </Filter>
  </ItemGroup>
  <ItemGroup>
    <ClCompile Include="Precompiled.cpp">
      <Filter>Source Files</Filter>
    </ClCompile>
    <ClCompile Include="AbstractResourceBase.cpp">
      <Filter>Source Files</Filter>
    </ClCompile>
    <ClCompile Include="FontResource.cpp">
      <Filter>Source Files</Filter>
    </ClCompile>
    <ClCompile Include="ImageResource.cpp">
      <Filter>Source Files</Filter>
    </ClCompile>
    <ClCompile Include="MusicResource.cpp">
      <Filter>Source Files</Filter>
    </ClCompile>
    <ClCompile Include="ResourceManager.cpp">
      <Filter>Source Files</Filter>
    </ClCompile>
    <ClCompile Include="ShaderResource.cpp">
      <Filter>Source Files</Filter>
    </ClCompile>
    <ClCompile Include="SoundResource.cpp">
      <Filter>Source Files</Filter>
    </ClCompile>
    <ClCompile Include="TextureResource.cpp">
      <Filter>Source Files</Filter>
    </ClCompile>
    <ClCompile Include="archivist\ArchivistFilesystem.cpp">
      <Filter>Source Files</Filter>
    </ClCompile>
    <ClCompile Include="archivist\ArchivistInputStream.cpp">
      <Filter>Source Files</Filter>
    </ClCompile>
    <ClCompile Include="archivist\ArchivistReader.cpp">
      <Filter>Source Files</Filter>
    </ClCompile>
    <ClCompile Include="archivist\ArchivistReaderExtractor.cpp">
      <Filter>Source Files</Filter>
    </ClCompile>
    <ClCompile Include="archivist\ArchivistWriter.cpp">
      <Filter>Source Files</Filter>
    </ClCompile>
  </ItemGroup>
  <ItemGroup>
    <ClInclude Include="Precompiled.h">
      <Filter>Source Files</Filter>
    </ClInclude>
    <ClInclude Include="AbstractResourceBase.h">
      <Filter>Source Files</Filter>
    </ClInclude>
    <ClInclude Include="FontResource.h">
      <Filter>Source Files</Filter>
    </ClInclude>
    <ClInclude Include="ImageResource.h">
      <Filter>Source Files</Filter>
    </ClInclude>
    <ClInclude Include="MusicResource.h">
      <Filter>Source Files</Filter>
    </ClInclude>
    <ClInclude Include="ResourceBase.h">
      <Filter>Source Files</Filter>
    </ClInclude>
    <ClInclude Include="ResourceManager.h">
      <Filter>Source Files</Filter>
    </ClInclude>
    <ClInclude Include="ShaderResource.h">
      <Filter>Source Files</Filter>
    </ClInclude>
    <ClInclude Include="SoundResource.h">
      <Filter>Source Files</Filter>
    </ClInclude>
    <ClInclude Include="TextureResource.h">
      <Filter>Source Files</Filter>
    </ClInclude>
    <ClInclude Include="archivist\ArchivistCommon.h">
      <Filter>Source Files</Filter>
    </ClInclude>
    <ClInclude Include="archivist\ArchivistFilesystem.h">
      <Filter>Source Files</Filter>
    </ClInclude>
    <ClInclude Include="archivist\ArchivistInputStream.h">
      <Filter>Source Files</Filter>
    </ClInclude>
    <ClInclude Include="archivist\ArchivistReader.h">
      <Filter>Source Files</Filter>
    </ClInclude>
    <ClInclude Include="archivist\ArchivistReaderExtractor.h">
      <Filter>Source Files</Filter>
    </ClInclude>
    <ClInclude Include="archivist\ArchivistWriter.h">
      <Filter>Source Files</Filter>
    </ClInclude>
  </ItemGroup>
  <ItemGroup>
    <None Include="ResourceBase.inl">
      <Filter>Source Files</Filter>
    </None>
  </ItemGroup>
</Project>