<?xml version="1.0" encoding="utf-8"?>
<Project ToolsVersion="4.0" xmlns="http://schemas.microsoft.com/developer/msbuild/2003">
  <ItemGroup>
    <Filter Include="Source Files">
      <UniqueIdentifier>{4FC737F1-C7A5-4376-A066-2A32D752A2FF}</UniqueIdentifier>
      <Extensions>cpp;c;cc;cxx;def;odl;idl;hpj;bat;asm;asmx;h;hh;hpp;hxx;hm;inl;inc;xsd</Extensions>
    </Filter>
    <Filter Include="Resource Files">
      <UniqueIdentifier>{67DA6AB6-F800-4c08-8B7A-83BB121AAD01}</UniqueIdentifier>
      <Extensions>rc;ico;cur;bmp;dlg;rc2;rct;bin;rgs;gif;jpg;jpeg;jpe;resx;tiff;tif;png;wav;mfcribbon-ms</Extensions>
    </Filter>
    <Filter Include="Source Files\math">
      <UniqueIdentifier>{c952f94a-5eaf-4e22-8177-fbd1d8c52f7f}</UniqueIdentifier>
    </Filter>
    <Filter Include="Source Files\resource">
      <UniqueIdentifier>{84521009-17f8-4897-83e3-9dfdb3c5b598}</UniqueIdentifier>
    </Filter>
    <Filter Include="Source Files\common">
      <UniqueIdentifier>{c2d41fc0-579e-4e33-8dca-05806b58c34b}</UniqueIdentifier>
    </Filter>
    <Filter Include="Source Files\system">
      <UniqueIdentifier>{41a56686-d511-4bd2-9bfa-be90becd48ae}</UniqueIdentifier>
    </Filter>
  </ItemGroup>
  <ItemGroup>
    <ClCompile Include="Precompiled.cpp">
      <Filter>Source Files</Filter>
    </ClCompile>
    <ClCompile Include="common\Assert.cpp">
      <Filter>Source Files\common</Filter>
    </ClCompile>
    <ClCompile Include="common\Log.cpp">
      <Filter>Source Files\common</Filter>
    </ClCompile>
    <ClCompile Include="math\Angle.cpp">
      <Filter>Source Files\math</Filter>
    </ClCompile>
    <ClCompile Include="resource\TextureResource.cpp">
      <Filter>Source Files\resource</Filter>
    </ClCompile>
    <ClCompile Include="resource\ResourceManager.cpp">
      <Filter>Source Files\resource</Filter>
    </ClCompile>
    <ClCompile Include="math\Hash.cpp">
      <Filter>Source Files\math</Filter>
    </ClCompile>
    <ClCompile Include="resource\GUID.cpp">
      <Filter>Source Files\resource</Filter>
    </ClCompile>
    <ClCompile Include="resource\FontResource.cpp">
      <Filter>Source Files</Filter>
    </ClCompile>
    <ClCompile Include="resource\AbstractResourceBase.cpp">
      <Filter>Source Files</Filter>
    </ClCompile>
    <ClCompile Include="system\Commando.cpp">
      <Filter>Source Files</Filter>
    </ClCompile>
    <ClCompile Include="system\WindowManager.cpp">
      <Filter>Source Files</Filter>
    </ClCompile>
    <ClCompile Include="renderer\GpuPreference.cpp">
      <Filter>Source Files</Filter>
    </ClCompile>
    <ClCompile Include="system\ConfigReader.cpp">
      <Filter>Source Files</Filter>
    </ClCompile>
    <ClCompile Include="system\Gigaton.cpp">
      <Filter>Source Files</Filter>
    </ClCompile>
    <ClCompile Include="system\AbstractSceneBase.cpp">
      <Filter>Source Files\system</Filter>
    </ClCompile>
    <ClCompile Include="file\FileList.cpp">
      <Filter>Source Files</Filter>
    </ClCompile>
    <ClCompile Include="file\FileUtils.cpp">
      <Filter>Source Files</Filter>
    </ClCompile>
    <ClCompile Include="net\Address.cpp">
      <Filter>Source Files</Filter>
    </ClCompile>
    <ClCompile Include="math\CRC.cpp">
      <Filter>Source Files</Filter>
    </ClCompile>
    <ClCompile Include="file\InputFile.cpp">
      <Filter>Source Files</Filter>
    </ClCompile>
    <ClCompile Include="file\OutputFile.cpp">
      <Filter>Source Files</Filter>
    </ClCompile>
    <ClCompile Include="file\FileEntry.cpp">
      <Filter>Source Files</Filter>
    </ClCompile>
    <ClCompile Include="file\ArchivistWriter.cpp">
      <Filter>Source Files</Filter>
    </ClCompile>
    <ClCompile Include="file\ArchivistReader.cpp">
      <Filter>Source Files</Filter>
    </ClCompile>
    <ClCompile Include="file\ArchivistReaderExtractor.cpp">
      <Filter>Source Files</Filter>
    </ClCompile>
    <ClCompile Include="file\ArchivistFilesystem.cpp">
      <Filter>Source Files</Filter>
    </ClCompile>
    <ClCompile Include="resource\ArchivistInputStream.cpp">
      <Filter>Source Files</Filter>
    </ClCompile>
    <ClCompile Include="resource\MusicResource.cpp">
      <Filter>Source Files</Filter>
    </ClCompile>
    <ClCompile Include="resource\SoundResource.cpp">
      <Filter>Source Files</Filter>
    </ClCompile>
    <ClCompile Include="system\BaseApplication.cpp">
      <Filter>Source Files\system</Filter>
    </ClCompile>
    <ClCompile Include="common\WindowsUtils.cpp">
      <Filter>Source Files</Filter>
    </ClCompile>
    <ClCompile Include="time\TimeSpan.cpp">
      <Filter>Source Files</Filter>
    </ClCompile>
    <ClCompile Include="time\Time.cpp">
      <Filter>Source Files</Filter>
    </ClCompile>
    <ClCompile Include="time\Clock.cpp">
      <Filter>Source Files</Filter>
    </ClCompile>
    <ClCompile Include="time\GlobalTimer.cpp">
      <Filter>Source Files</Filter>
    </ClCompile>
    <ClCompile Include="system\AbstractManagerBase.cpp">
      <Filter>Source Files</Filter>
    </ClCompile>
    <ClCompile Include="lang\Signal.cpp">
      <Filter>Source Files</Filter>
    </ClCompile>
    <ClCompile Include="util\ContainerUtil.cpp">
      <Filter>Source Files</Filter>
    </ClCompile>
    <ClCompile Include="resource\ShaderResource.cpp">
      <Filter>Source Files</Filter>
    </ClCompile>
    <ClCompile Include="system\WindowViewManager.cpp">
      <Filter>Source Files</Filter>
    </ClCompile>
    <ClCompile Include="profiling\SimpleScopedZoneTimer.cpp">
      <Filter>Source Files</Filter>
    </ClCompile>
    <ClCompile Include="thread\Thread.cpp">
      <Filter>Source Files</Filter>
    </ClCompile>
    <ClCompile Include="thread\ThreadScheduler.cpp">
      <Filter>Source Files</Filter>
    </ClCompile>
    <ClCompile Include="thread\ThreadUtils.cpp">
      <Filter>Source Files</Filter>
    </ClCompile>
    <ClCompile Include="thread\AbstractThreadEntry.cpp">
      <Filter>Source Files</Filter>
    </ClCompile>
    <ClCompile Include="thread\CurrentThread.cpp">
      <Filter>Source Files</Filter>
    </ClCompile>
    <ClCompile Include="thread\Mutex.cpp">
      <Filter>Source Files</Filter>
    </ClCompile>
    <ClCompile Include="thread\MutexGuard.cpp">
      <Filter>Source Files</Filter>
    </ClCompile>
    <ClCompile Include="thread\ConditionVariable.cpp">
      <Filter>Source Files</Filter>
    </ClCompile>
    <ClCompile Include="string\StringUtils.cpp">
      <Filter>Source Files</Filter>
    </ClCompile>
    <ClCompile Include="string\String.cpp">
      <Filter>Source Files</Filter>
    </ClCompile>
  </ItemGroup>
  <ItemGroup>
    <ClInclude Include="math\Constants.h">
      <Filter>Source Files\common</Filter>
    </ClInclude>
    <ClInclude Include="common\Common.h">
      <Filter>Source Files\common</Filter>
    </ClInclude>
    <ClInclude Include="common\Assert.h">
      <Filter>Source Files\common</Filter>
    </ClInclude>
    <ClInclude Include="common\IncludeWindows.h">
      <Filter>Source Files\common</Filter>
    </ClInclude>
    <ClInclude Include="common\Log.h">
      <Filter>Source Files\common</Filter>
    </ClInclude>
    <ClInclude Include="math\Vec2.h">
      <Filter>Source Files\math</Filter>
    </ClInclude>
    <ClInclude Include="math\Vec3.h">
      <Filter>Source Files\math</Filter>
    </ClInclude>
    <ClInclude Include="math\Vec4.h">
      <Filter>Source Files\math</Filter>
    </ClInclude>
    <ClInclude Include="math\Mat4.h">
      <Filter>Source Files\math</Filter>
    </ClInclude>
    <ClInclude Include="math\Hash.h">
      <Filter>Source Files\math</Filter>
    </ClInclude>
    <ClInclude Include="math\Angle.h">
      <Filter>Source Files\math</Filter>
    </ClInclude>
    <ClInclude Include="resource\ResourceManager.h">
      <Filter>Source Files\resource</Filter>
    </ClInclude>
    <ClInclude Include="resource\ResourceBase.h">
      <Filter>Source Files\resource</Filter>
    </ClInclude>
    <ClInclude Include="resource\TextureResource.h">
      <Filter>Source Files\resource</Filter>
    </ClInclude>
    <ClInclude Include="Precompiled.h">
      <Filter>Source Files</Filter>
    </ClInclude>
    <ClInclude Include="resource\GUID.h">
      <Filter>Source Files\resource</Filter>
    </ClInclude>
    <ClInclude Include="common\Package.h">
      <Filter>Source Files\common</Filter>
    </ClInclude>
    <ClInclude Include="common\FourCC.h">
      <Filter>Source Files</Filter>
    </ClInclude>
    <ClInclude Include="resource\FontResource.h">
      <Filter>Source Files</Filter>
    </ClInclude>
    <ClInclude Include="resource\AbstractResourceBase.h">
      <Filter>Source Files</Filter>
    </ClInclude>
    <ClInclude Include="system\Commando.h">
      <Filter>Source Files</Filter>
    </ClInclude>
    <ClInclude Include="system\WindowManager.h">
      <Filter>Source Files</Filter>
    </ClInclude>
    <ClInclude Include="resource\ResourceBase.inl">
      <Filter>Source Files\resource</Filter>
    </ClInclude>
    <ClInclude Include="system\ConfigReader.h">
      <Filter>Source Files</Filter>
    </ClInclude>
    <ClInclude Include="Config.h">
      <Filter>Source Files</Filter>
    </ClInclude>
    <ClInclude Include="system\Gigaton.h">
      <Filter>Source Files</Filter>
    </ClInclude>
    <ClInclude Include="system\AbstractSceneBase.h">
      <Filter>Source Files\system</Filter>
    </ClInclude>
    <ClInclude Include="math\CommonMath.h">
      <Filter>Source Files</Filter>
    </ClInclude>
    <ClInclude Include="lang\UniquePointer.inl">
      <Filter>Source Files</Filter>
    </ClInclude>
    <ClInclude Include="lang\ScopedPointer.h">
      <Filter>Source Files</Filter>
    </ClInclude>
    <ClInclude Include="lang\ScopedPointer.inl">
      <Filter>Source Files</Filter>
    </ClInclude>
    <ClInclude Include="lang\SharedPointer.h">
      <Filter>Source Files</Filter>
    </ClInclude>
    <ClInclude Include="lang\SharedPointer.inl">
      <Filter>Source Files</Filter>
    </ClInclude>
    <ClInclude Include="lang\UniquePointer.h">
      <Filter>Source Files</Filter>
    </ClInclude>
    <ClInclude Include="lang\Pointers.h">
      <Filter>Source Files</Filter>
    </ClInclude>
    <ClInclude Include="common\Debugging.h">
      <Filter>Source Files</Filter>
    </ClInclude>
    <ClInclude Include="common\IncludeSFML.h">
      <Filter>Source Files</Filter>
    </ClInclude>
    <ClInclude Include="math\Vec2.inl">
      <Filter>Source Files\math</Filter>
    </ClInclude>
    <ClInclude Include="math\Mat4.inl">
      <Filter>Source Files\math</Filter>
    </ClInclude>
    <ClInclude Include="file\FileList.h">
      <Filter>Source Files</Filter>
    </ClInclude>
    <ClInclude Include="lang\Noncopyable.h">
      <Filter>Source Files</Filter>
    </ClInclude>
    <ClInclude Include="file\FileUtils.h">
      <Filter>Source Files</Filter>
    </ClInclude>
    <ClInclude Include="math\Vec3.inl">
      <Filter>Source Files</Filter>
    </ClInclude>
    <ClInclude Include="math\Vec4.inl">
      <Filter>Source Files</Filter>
    </ClInclude>
    <ClInclude Include="net\Address.h">
      <Filter>Source Files</Filter>
    </ClInclude>
    <ClInclude Include="math\CRC.h">
      <Filter>Source Files</Filter>
    </ClInclude>
    <ClInclude Include="file\InputFile.h">
      <Filter>Source Files</Filter>
    </ClInclude>
    <ClInclude Include="file\OutputFile.h">
      <Filter>Source Files</Filter>
    </ClInclude>
    <ClInclude Include="file\FileEntry.h">
      <Filter>Source Files</Filter>
    </ClInclude>
    <ClInclude Include="file\ArchivistCommon.h">
      <Filter>Source Files</Filter>
    </ClInclude>
    <ClInclude Include="file\ArchivistWriter.h">
      <Filter>Source Files</Filter>
    </ClInclude>
    <ClInclude Include="file\ArchivistReader.h">
      <Filter>Source Files</Filter>
    </ClInclude>
    <ClInclude Include="file\ArchivistReaderExtractor.h">
      <Filter>Source Files</Filter>
    </ClInclude>
    <ClInclude Include="file\ArchivistFilesystem.h">
      <Filter>Source Files</Filter>
    </ClInclude>
    <ClInclude Include="resource\ArchivistInputStream.h">
      <Filter>Source Files</Filter>
    </ClInclude>
    <ClInclude Include="resource\MusicResource.h">
      <Filter>Source Files</Filter>
    </ClInclude>
    <ClInclude Include="resource\SoundResource.h">
      <Filter>Source Files</Filter>
    </ClInclude>
    <ClInclude Include="system\BaseApplication.h">
      <Filter>Source Files\system</Filter>
    </ClInclude>
    <ClInclude Include="file\FileListStyle.h">
      <Filter>Source Files</Filter>
    </ClInclude>
    <ClInclude Include="common\WindowsUtils.h">
      <Filter>Source Files</Filter>
    </ClInclude>
    <ClInclude Include="time\TimeSpan.h">
      <Filter>Source Files</Filter>
    </ClInclude>
    <ClInclude Include="time\Time.h">
      <Filter>Source Files</Filter>
    </ClInclude>
    <ClInclude Include="time\Clock.h">
      <Filter>Source Files</Filter>
    </ClInclude>
    <ClInclude Include="time\GlobalTimer.h">
      <Filter>Source Files</Filter>
    </ClInclude>
    <ClInclude Include="system\AbstractManagerBase.h">
      <Filter>Source Files</Filter>
    </ClInclude>
    <ClInclude Include="lang\Signal.h">
      <Filter>Source Files</Filter>
    </ClInclude>
    <ClInclude Include="util\ContainerUtil.h">
      <Filter>Source Files</Filter>
    </ClInclude>
    <ClInclude Include="util\PriorityQueue.h">
      <Filter>Source Files</Filter>
    </ClInclude>
    <ClInclude Include="resource\ShaderResource.h">
      <Filter>Source Files</Filter>
    </ClInclude>
    <ClInclude Include="system\WindowViewManager.h">
      <Filter>Source Files</Filter>
    </ClInclude>
    <ClInclude Include="profiling\SimpleScopedZoneTimer.h">
      <Filter>Source Files</Filter>
    </ClInclude>
    <ClInclude Include="thread\Thread.h">
      <Filter>Source Files</Filter>
    </ClInclude>
    <ClInclude Include="thread\ThreadScheduler.h">
      <Filter>Source Files</Filter>
    </ClInclude>
    <ClInclude Include="thread\ThreadUtils.h">
      <Filter>Source Files</Filter>
    </ClInclude>
    <ClInclude Include="thread\AbstractThreadEntry.h">
      <Filter>Source Files</Filter>
    </ClInclude>
    <ClInclude Include="thread\CurrentThread.h">
      <Filter>Source Files</Filter>
    </ClInclude>
    <ClInclude Include="thread\Mutex.h">
      <Filter>Source Files</Filter>
    </ClInclude>
    <ClInclude Include="thread\MutexGuard.h">
      <Filter>Source Files</Filter>
    </ClInclude>
    <ClInclude Include="thread\ConditionVariable.h">
      <Filter>Source Files</Filter>
    </ClInclude>
    <ClInclude Include="string\StringUtils.h">
      <Filter>Source Files</Filter>
    </ClInclude>
    <ClInclude Include="string\Utf.h">
      <Filter>Source Files</Filter>
    </ClInclude>
    <ClInclude Include="string\String.h">
      <Filter>Source Files</Filter>
    </ClInclude>
  </ItemGroup>
  <ItemGroup>
    <None Include="Windows.props" />
    <None Include="string\Utf.inl">
      <Filter>Source Files</Filter>
    </None>
  </ItemGroup>
  <ItemGroup>
    <Natvis Include="Tessa.natvis" />
  </ItemGroup>
</Project>