<?xml version="1.0" encoding="utf-8"?>
<Project ToolsVersion="4.0" xmlns="http://schemas.microsoft.com/developer/msbuild/2003">
  <ItemGroup>
    <Filter Include="Source Files">
      <UniqueIdentifier>{4FC737F1-C7A5-4376-A066-2A32D752A2FF}</UniqueIdentifier>
      <Extensions>cpp;c;cc;cxx;def;odl;idl;hpj;bat;asm;asmx;h;hh;hpp;hxx;hm;inl;inc;xsd</Extensions>
    </Filter>
    <Filter Include="Resource Files">
      <UniqueIdentifier>{67DA6AB6-F800-4c08-8B7A-83BB121AAD01}</UniqueIdentifier>
      <Extensions>rc;ico;cur;bmp;dlg;rc2;rct;bin;rgs;gif;jpg;jpeg;jpe;resx;tiff;tif;png;wav;mfcribbon-ms</Extensions>
    </Filter>
  </ItemGroup>
  <ItemGroup>
    <ClCompile Include="Precompiled.cpp">
      <Filter>Source Files</Filter>
    </ClCompile>
    <ClCompile Include="CommonMath.cpp">
      <Filter>Source Files</Filter>
    </ClCompile>
    <ClCompile Include="VectorStringConversion.cpp">
      <Filter>Source Files</Filter>
    </ClCompile>
    <ClCompile Include="Angle.cpp">
      <Filter>Source Files</Filter>
    </ClCompile>
    <ClCompile Include="CRC.cpp">
      <Filter>Source Files</Filter>
    </ClCompile>
    <ClCompile Include="Hash.cpp">
      <Filter>Source Files</Filter>
    </ClCompile>
  </ItemGroup>
  <ItemGroup>
    <ClInclude Include="Precompiled.h">
      <Filter>Source Files</Filter>
    </ClInclude>
    <ClInclude Include="Damper.h">
      <Filter>Source Files</Filter>
    </ClInclude>
    <ClInclude Include="Quaternion.h">
      <Filter>Source Files</Filter>
    </ClInclude>
    <ClInclude Include="Rect.h">
      <Filter>Source Files</Filter>
    </ClInclude>
    <ClInclude Include="VectorStringConversion.h">
      <Filter>Source Files</Filter>
    </ClInclude>
    <ClInclude Include="CRC.h">
      <Filter>Source Files</Filter>
    </ClInclude>
    <ClInclude Include="Angle.h">
      <Filter>Source Files</Filter>
    </ClInclude>
    <ClInclude Include="CommonMath.h">
      <Filter>Source Files</Filter>
    </ClInclude>
    <ClInclude Include="Constants.h">
      <Filter>Source Files</Filter>
    </ClInclude>
    <ClInclude Include="Damper.inl">
      <Filter>Source Files</Filter>
    </ClInclude>
    <ClInclude Include="Hash.h">
      <Filter>Source Files</Filter>
    </ClInclude>
    <ClInclude Include="Mat4.h">
      <Filter>Source Files</Filter>
    </ClInclude>
    <ClInclude Include="Mat4.inl">
      <Filter>Source Files</Filter>
    </ClInclude>
    <ClInclude Include="Quaternion.inl">
      <Filter>Source Files</Filter>
    </ClInclude>
    <ClInclude Include="Rect.inl">
      <Filter>Source Files</Filter>
    </ClInclude>
    <ClInclude Include="Vec2.h">
      <Filter>Source Files</Filter>
    </ClInclude>
    <ClInclude Include="Vec2.inl">
      <Filter>Source Files</Filter>
    </ClInclude>
    <ClInclude Include="Vec3.h">
      <Filter>Source Files</Filter>
    </ClInclude>
    <ClInclude Include="Vec3.inl">
      <Filter>Source Files</Filter>
    </ClInclude>
    <ClInclude Include="Vec4.h">
      <Filter>Source Files</Filter>
    </ClInclude>
    <ClInclude Include="Vec4.inl">
      <Filter>Source Files</Filter>
    </ClInclude>
  </ItemGroup>
  <ItemGroup>
    <Natvis Include="math.natvis" />
  </ItemGroup>
</Project>